// !$*UTF8*$!
{
	archiveVersion = 1;
	classes = {
	};
	objectVersion = 46;
	objects = {

/* Begin PBXBuildFile section */
		7B00E0651DE6E24200B482ED /* AppDelegate.swift in Sources */ = {isa = PBXBuildFile; fileRef = 7B00E0641DE6E24200B482ED /* AppDelegate.swift */; };
		7B00E0671DE6E24200B482ED /* ViewController.swift in Sources */ = {isa = PBXBuildFile; fileRef = 7B00E0661DE6E24200B482ED /* ViewController.swift */; };
		7B00E06A1DE6E24200B482ED /* Main.storyboard in Resources */ = {isa = PBXBuildFile; fileRef = 7B00E0681DE6E24200B482ED /* Main.storyboard */; };
		7B00E06D1DE6E24200B482ED /* SaveContacts.xcdatamodeld in Sources */ = {isa = PBXBuildFile; fileRef = 7B00E06B1DE6E24200B482ED /* SaveContacts.xcdatamodeld */; };
		7B00E06F1DE6E24200B482ED /* Assets.xcassets in Resources */ = {isa = PBXBuildFile; fileRef = 7B00E06E1DE6E24200B482ED /* Assets.xcassets */; };
		7B00E0721DE6E24200B482ED /* LaunchScreen.storyboard in Resources */ = {isa = PBXBuildFile; fileRef = 7B00E0701DE6E24200B482ED /* LaunchScreen.storyboard */; };
		7B00E07A1DE6E66200B482ED /* DetailViewController.swift in Sources */ = {isa = PBXBuildFile; fileRef = 7B00E0791DE6E66200B482ED /* DetailViewController.swift */; };
		7B00E07C1DE6ECA600B482ED /* PersonData.swift in Sources */ = {isa = PBXBuildFile; fileRef = 7B00E07B1DE6ECA600B482ED /* PersonData.swift */; };
		7B00E0841DE71B2100B482ED /* TPKeyboardAvoidingScrollView.m in Sources */ = {isa = PBXBuildFile; fileRef = 7B00E0831DE71B2100B482ED /* TPKeyboardAvoidingScrollView.m */; };
		7B00E0871DE71D9C00B482ED /* UIScrollView+TPKeyboardAvoidingAdditions.m in Sources */ = {isa = PBXBuildFile; fileRef = 7B00E0861DE71D9C00B482ED /* UIScrollView+TPKeyboardAvoidingAdditions.m */; };
/* End PBXBuildFile section */

/* Begin PBXFileReference section */
		7B00E0611DE6E24100B482ED /* SaveContacts.app */ = {isa = PBXFileReference; explicitFileType = wrapper.application; includeInIndex = 0; path = SaveContacts.app; sourceTree = BUILT_PRODUCTS_DIR; };
		7B00E0641DE6E24200B482ED /* AppDelegate.swift */ = {isa = PBXFileReference; lastKnownFileType = sourcecode.swift; path = AppDelegate.swift; sourceTree = "<group>"; };
		7B00E0661DE6E24200B482ED /* ViewController.swift */ = {isa = PBXFileReference; lastKnownFileType = sourcecode.swift; path = ViewController.swift; sourceTree = "<group>"; };
		7B00E0691DE6E24200B482ED /* Base */ = {isa = PBXFileReference; lastKnownFileType = file.storyboard; name = Base; path = Base.lproj/Main.storyboard; sourceTree = "<group>"; };
		7B00E06C1DE6E24200B482ED /* SaveContacts.xcdatamodel */ = {isa = PBXFileReference; lastKnownFileType = wrapper.xcdatamodel; path = SaveContacts.xcdatamodel; sourceTree = "<group>"; };
		7B00E06E1DE6E24200B482ED /* Assets.xcassets */ = {isa = PBXFileReference; lastKnownFileType = folder.assetcatalog; path = Assets.xcassets; sourceTree = "<group>"; };
		7B00E0711DE6E24200B482ED /* Base */ = {isa = PBXFileReference; lastKnownFileType = file.storyboard; name = Base; path = Base.lproj/LaunchScreen.storyboard; sourceTree = "<group>"; };
		7B00E0731DE6E24200B482ED /* Info.plist */ = {isa = PBXFileReference; lastKnownFileType = text.plist.xml; path = Info.plist; sourceTree = "<group>"; };
		7B00E0791DE6E66200B482ED /* DetailViewController.swift */ = {isa = PBXFileReference; fileEncoding = 4; lastKnownFileType = sourcecode.swift; path = DetailViewController.swift; sourceTree = "<group>"; };
		7B00E07B1DE6ECA600B482ED /* PersonData.swift */ = {isa = PBXFileReference; fileEncoding = 4; lastKnownFileType = sourcecode.swift; path = PersonData.swift; sourceTree = "<group>"; };
		7B00E0811DE71B1F00B482ED /* SaveContacts-Bridging-Header.h */ = {isa = PBXFileReference; lastKnownFileType = sourcecode.c.h; path = "SaveContacts-Bridging-Header.h"; sourceTree = "<group>"; };
		7B00E0821DE71B2100B482ED /* TPKeyboardAvoidingScrollView.h */ = {isa = PBXFileReference; fileEncoding = 4; lastKnownFileType = sourcecode.c.h; path = TPKeyboardAvoidingScrollView.h; sourceTree = "<group>"; };
		7B00E0831DE71B2100B482ED /* TPKeyboardAvoidingScrollView.m */ = {isa = PBXFileReference; fileEncoding = 4; lastKnownFileType = sourcecode.c.objc; path = TPKeyboardAvoidingScrollView.m; sourceTree = "<group>"; };
		7B00E0851DE71D9C00B482ED /* UIScrollView+TPKeyboardAvoidingAdditions.h */ = {isa = PBXFileReference; fileEncoding = 4; lastKnownFileType = sourcecode.c.h; path = "UIScrollView+TPKeyboardAvoidingAdditions.h"; sourceTree = "<group>"; };
		7B00E0861DE71D9C00B482ED /* UIScrollView+TPKeyboardAvoidingAdditions.m */ = {isa = PBXFileReference; fileEncoding = 4; lastKnownFileType = sourcecode.c.objc; path = "UIScrollView+TPKeyboardAvoidingAdditions.m"; sourceTree = "<group>"; };
/* End PBXFileReference section */

/* Begin PBXFrameworksBuildPhase section */
		7B00E05E1DE6E24100B482ED /* Frameworks */ = {
			isa = PBXFrameworksBuildPhase;
			buildActionMask = 2147483647;
			files = (
			);
			runOnlyForDeploymentPostprocessing = 0;
		};
/* End PBXFrameworksBuildPhase section */

/* Begin PBXGroup section */
		7B00E0581DE6E24100B482ED = {
			isa = PBXGroup;
			children = (
				7B00E0801DE71B0500B482ED /* SupprotingFiles */,
				7B00E0631DE6E24200B482ED /* SaveContacts */,
				7B00E0621DE6E24100B482ED /* Products */,
			);
			sourceTree = "<group>";
		};
		7B00E0621DE6E24100B482ED /* Products */ = {
			isa = PBXGroup;
			children = (
				7B00E0611DE6E24100B482ED /* SaveContacts.app */,
			);
			name = Products;
			sourceTree = "<group>";
		};
		7B00E0631DE6E24200B482ED /* SaveContacts */ = {
			isa = PBXGroup;
			children = (
				7B00E0641DE6E24200B482ED /* AppDelegate.swift */,
				7B00E0661DE6E24200B482ED /* ViewController.swift */,
				7B00E07B1DE6ECA600B482ED /* PersonData.swift */,
				7B00E0791DE6E66200B482ED /* DetailViewController.swift */,
				7B00E0681DE6E24200B482ED /* Main.storyboard */,
				7B00E06E1DE6E24200B482ED /* Assets.xcassets */,
				7B00E0701DE6E24200B482ED /* LaunchScreen.storyboard */,
				7B00E0731DE6E24200B482ED /* Info.plist */,
				7B00E06B1DE6E24200B482ED /* SaveContacts.xcdatamodeld */,
			);
			path = SaveContacts;
			sourceTree = "<group>";
		};
		7B00E0801DE71B0500B482ED /* SupprotingFiles */ = {
			isa = PBXGroup;
			children = (
				7B00E0821DE71B2100B482ED /* TPKeyboardAvoidingScrollView.h */,
				7B00E0831DE71B2100B482ED /* TPKeyboardAvoidingScrollView.m */,
				7B00E0851DE71D9C00B482ED /* UIScrollView+TPKeyboardAvoidingAdditions.h */,
				7B00E0861DE71D9C00B482ED /* UIScrollView+TPKeyboardAvoidingAdditions.m */,
				7B00E0811DE71B1F00B482ED /* SaveContacts-Bridging-Header.h */,
			);
			name = SupprotingFiles;
			sourceTree = "<group>";
		};
/* End PBXGroup section */

/* Begin PBXNativeTarget section */
		7B00E0601DE6E24100B482ED /* SaveContacts */ = {
			isa = PBXNativeTarget;
			buildConfigurationList = 7B00E0761DE6E24200B482ED /* Build configuration list for PBXNativeTarget "SaveContacts" */;
			buildPhases = (
				7B00E05D1DE6E24100B482ED /* Sources */,
				7B00E05E1DE6E24100B482ED /* Frameworks */,
				7B00E05F1DE6E24100B482ED /* Resources */,
			);
			buildRules = (
			);
			dependencies = (
			);
			name = SaveContacts;
			productName = SaveContacts;
			productReference = 7B00E0611DE6E24100B482ED /* SaveContacts.app */;
			productType = "com.apple.product-type.application";
		};
/* End PBXNativeTarget section */

/* Begin PBXProject section */
		7B00E0591DE6E24100B482ED /* Project object */ = {
			isa = PBXProject;
			attributes = {
				LastSwiftUpdateCheck = 0730;
				LastUpgradeCheck = 0730;
				ORGANIZATIONNAME = techactive;
				TargetAttributes = {
					7B00E0601DE6E24100B482ED = {
						CreatedOnToolsVersion = 7.3;
					};
				};
			};
			buildConfigurationList = 7B00E05C1DE6E24100B482ED /* Build configuration list for PBXProject "SaveContacts" */;
			compatibilityVersion = "Xcode 3.2";
			developmentRegion = English;
			hasScannedForEncodings = 0;
			knownRegions = (
				en,
				Base,
			);
			mainGroup = 7B00E0581DE6E24100B482ED;
			productRefGroup = 7B00E0621DE6E24100B482ED /* Products */;
			projectDirPath = "";
			projectRoot = "";
			targets = (
				7B00E0601DE6E24100B482ED /* SaveContacts */,
			);
		};
/* End PBXProject section */

/* Begin PBXResourcesBuildPhase section */
		7B00E05F1DE6E24100B482ED /* Resources */ = {
			isa = PBXResourcesBuildPhase;
			buildActionMask = 2147483647;
			files = (
				7B00E0721DE6E24200B482ED /* LaunchScreen.storyboard in Resources */,
				7B00E06F1DE6E24200B482ED /* Assets.xcassets in Resources */,
				7B00E06A1DE6E24200B482ED /* Main.storyboard in Resources */,
			);
			runOnlyForDeploymentPostprocessing = 0;
		};
/* End PBXResourcesBuildPhase section */

/* Begin PBXSourcesBuildPhase section */
		7B00E05D1DE6E24100B482ED /* Sources */ = {
			isa = PBXSourcesBuildPhase;
			buildActionMask = 2147483647;
			files = (
				7B00E0671DE6E24200B482ED /* ViewController.swift in Sources */,
				7B00E06D1DE6E24200B482ED /* SaveContacts.xcdatamodeld in Sources */,
				7B00E0651DE6E24200B482ED /* AppDelegate.swift in Sources */,
				7B00E0871DE71D9C00B482ED /* UIScrollView+TPKeyboardAvoidingAdditions.m in Sources */,
				7B00E0841DE71B2100B482ED /* TPKeyboardAvoidingScrollView.m in Sources */,
				7B00E07C1DE6ECA600B482ED /* PersonData.swift in Sources */,
				7B00E07A1DE6E66200B482ED /* DetailViewController.swift in Sources */,
			);
			runOnlyForDeploymentPostprocessing = 0;
		};
/* End PBXSourcesBuildPhase section */

/* Begin PBXVariantGroup section */
		7B00E0681DE6E24200B482ED /* Main.storyboard */ = {
			isa = PBXVariantGroup;
			children = (
				7B00E0691DE6E24200B482ED /* Base */,
			);
			name = Main.storyboard;
			sourceTree = "<group>";
		};
		7B00E0701DE6E24200B482ED /* LaunchScreen.storyboard */ = {
			isa = PBXVariantGroup;
			children = (
				7B00E0711DE6E24200B482ED /* Base */,
			);
			name = LaunchScreen.storyboard;
			sourceTree = "<group>";
		};
/* End PBXVariantGroup section */

/* Begin XCBuildConfiguration section */
		7B00E0741DE6E24200B482ED /* Debug */ = {
			isa = XCBuildConfiguration;
			buildSettings = {
				ALWAYS_SEARCH_USER_PATHS = NO;
				CLANG_ANALYZER_NONNULL = YES;
				CLANG_CXX_LANGUAGE_STANDARD = "gnu++0x";
				CLANG_CXX_LIBRARY = "libc++";
				CLANG_ENABLE_MODULES = YES;
				CLANG_ENABLE_OBJC_ARC = YES;
				CLANG_WARN_BOOL_CONVERSION = YES;
				CLANG_WARN_CONSTANT_CONVERSION = YES;
				CLANG_WARN_DIRECT_OBJC_ISA_USAGE = YES_ERROR;
				CLANG_WARN_EMPTY_BODY = YES;
				CLANG_WARN_ENUM_CONVERSION = YES;
				CLANG_WARN_INT_CONVERSION = YES;
				CLANG_WARN_OBJC_ROOT_CLASS = YES_ERROR;
				CLANG_WARN_UNREACHABLE_CODE = YES;
				CLANG_WARN__DUPLICATE_METHOD_MATCH = YES;
				"CODE_SIGN_IDENTITY[sdk=iphoneos*]" = "iPhone Developer";
				COPY_PHASE_STRIP = NO;
				DEBUG_INFORMATION_FORMAT = dwarf;
				ENABLE_STRICT_OBJC_MSGSEND = YES;
				ENABLE_TESTABILITY = YES;
				GCC_C_LANGUAGE_STANDARD = gnu99;
				GCC_DYNAMIC_NO_PIC = NO;
				GCC_NO_COMMON_BLOCKS = YES;
				GCC_OPTIMIZATION_LEVEL = 0;
				GCC_PREPROCESSOR_DEFINITIONS = (
					"DEBUG=1",
					"$(inherited)",
				);
				GCC_WARN_64_TO_32_BIT_CONVERSION = YES;
				GCC_WARN_ABOUT_RETURN_TYPE = YES_ERROR;
				GCC_WARN_UNDECLARED_SELECTOR = YES;
				GCC_WARN_UNINITIALIZED_AUTOS = YES_AGGRESSIVE;
				GCC_WARN_UNUSED_FUNCTION = YES;
				GCC_WARN_UNUSED_VARIABLE = YES;
				IPHONEOS_DEPLOYMENT_TARGET = 9.3;
				MTL_ENABLE_DEBUG_INFO = YES;
				ONLY_ACTIVE_ARCH = YES;
				SDKROOT = iphoneos;
				SWIFT_OPTIMIZATION_LEVEL = "-Onone";
			};
			name = Debug;
		};
		7B00E0751DE6E24200B482ED /* Release */ = {
			isa = XCBuildConfiguration;
			buildSettings = {
				ALWAYS_SEARCH_USER_PATHS = NO;
				CLANG_ANALYZER_NONNULL = YES;
				CLANG_CXX_LANGUAGE_STANDARD = "gnu++0x";
				CLANG_CXX_LIBRARY = "libc++";
				CLANG_ENABLE_MODULES = YES;
				CLANG_ENABLE_OBJC_ARC = YES;
				CLANG_WARN_BOOL_CONVERSION = YES;
				CLANG_WARN_CONSTANT_CONVERSION = YES;
				CLANG_WARN_DIRECT_OBJC_ISA_USAGE = YES_ERROR;
				CLANG_WARN_EMPTY_BODY = YES;
				CLANG_WARN_ENUM_CONVERSION = YES;
				CLANG_WARN_INT_CONVERSION = YES;
				CLANG_WARN_OBJC_ROOT_CLASS = YES_ERROR;
				CLANG_WARN_UNREACHABLE_CODE = YES;
				CLANG_WARN__DUPLICATE_METHOD_MATCH = YES;
				"CODE_SIGN_IDENTITY[sdk=iphoneos*]" = "iPhone Developer";
				COPY_PHASE_STRIP = NO;
				DEBUG_INFORMATION_FORMAT = "dwarf-with-dsym";
				ENABLE_NS_ASSERTIONS = NO;
				ENABLE_STRICT_OBJC_MSGSEND = YES;
				GCC_C_LANGUAGE_STANDARD = gnu99;
				GCC_NO_COMMON_BLOCKS = YES;
				GCC_WARN_64_TO_32_BIT_CONVERSION = YES;
				GCC_WARN_ABOUT_RETURN_TYPE = YES_ERROR;
				GCC_WARN_UNDECLARED_SELECTOR = YES;
				GCC_WARN_UNINITIALIZED_AUTOS = YES_AGGRESSIVE;
				GCC_WARN_UNUSED_FUNCTION = YES;
				GCC_WARN_UNUSED_VARIABLE = YES;
				IPHONEOS_DEPLOYMENT_TARGET = 9.3;
				MTL_ENABLE_DEBUG_INFO = NO;
				SDKROOT = iphoneos;
				VALIDATE_PRODUCT = YES;
			};
			name = Release;
		};
		7B00E0771DE6E24200B482ED /* Debug */ = {
			isa = XCBuildConfiguration;
			buildSettings = {
				ASSETCATALOG_COMPILER_APPICON_NAME = AppIcon;
				CLANG_ENABLE_MODULES = YES;
				INFOPLIST_FILE = SaveContacts/Info.plist;
				LD_RUNPATH_SEARCH_PATHS = "$(inherited) @executable_path/Frameworks";
				PRODUCT_BUNDLE_IDENTIFIER = com.Techactive.SaveContacts;
				PRODUCT_NAME = "$(TARGET_NAME)";
				SWIFT_OBJC_BRIDGING_HEADER = "SaveContacts-Bridging-Header.h";
				SWIFT_OPTIMIZATION_LEVEL = "-Onone";
			};
			name = Debug;
		};
		7B00E0781DE6E24200B482ED /* Release */ = {
			isa = XCBuildConfiguration;
			buildSettings = {
				ASSETCATALOG_COMPILER_APPICON_NAME = AppIcon;
				CLANG_ENABLE_MODULES = YES;
				INFOPLIST_FILE = SaveContacts/Info.plist;
				LD_RUNPATH_SEARCH_PATHS = "$(inherited) @executable_path/Frameworks";
				PRODUCT_BUNDLE_IDENTIFIER = com.Techactive.SaveContacts;
				PRODUCT_NAME = "$(TARGET_NAME)";
				SWIFT_OBJC_BRIDGING_HEADER = "SaveContacts-Bridging-Header.h";
			};
			name = Release;
		};
/* End XCBuildConfiguration section */

/* Begin XCConfigurationList section */
		7B00E05C1DE6E24100B482ED /* Build configuration list for PBXProject "SaveContacts" */ = {
			isa = XCConfigurationList;
			buildConfigurations = (
				7B00E0741DE6E24200B482ED /* Debug */,
				7B00E0751DE6E24200B482ED /* Release */,
			);
			defaultConfigurationIsVisible = 0;
			defaultConfigurationName = Release;
		};
		7B00E0761DE6E24200B482ED /* Build configuration list for PBXNativeTarget "SaveContacts" */ = {
			isa = XCConfigurationList;
			buildConfigurations = (
				7B00E0771DE6E24200B482ED /* Debug */,
				7B00E0781DE6E24200B482ED /* Release */,
			);
			defaultConfigurationIsVisible = 0;
		};
/* End XCConfigurationList section */

/* Begin XCVersionGroup section */
		7B00E06B1DE6E24200B482ED /* SaveContacts.xcdatamodeld */ = {
			isa = XCVersionGroup;
			children = (
				7B00E06C1DE6E24200B482ED /* SaveContacts.xcdatamodel */,
			);
			currentVersion = 7B00E06C1DE6E24200B482ED /* SaveContacts.xcdatamodel */;
			path = SaveContacts.xcdatamodeld;
			sourceTree = "<group>";
			versionGroupType = wrapper.xcdatamodel;
		};
/* End XCVersionGroup section */
	};
	rootObject = 7B00E0591DE6E24100B482ED /* Project object */;
}
